
Microsoft Visual Studio Solution File, Format Version 12.00
# Visual Studio Version 16
VisualStudioVersion = 16.0.30907.101
MinimumVisualStudioVersion = 15.0.26124.0
Project("{9A19103F-16F7-4668-BE54-9A1E7A4F7556}") = "TestPackage", "TestPackage\TestPackage.csproj", "{0059046A-165B-4A4C-86BF-AB7182B74E36}"
EndProject
Project("{2150E333-8FDC-42A3-9474-1A3956D46DE8}") = "Solution Items", "Solution Items", "{E0B9B07F-CE97-405B-B4A7-2AB648A3185D}"
	ProjectSection(SolutionItems) = preProject
		--nuget.config = --nuget.config
		.gitignore = .gitignore
		Directory.Build.props = Directory.Build.props
		SourceLink.props = SourceLink.props
		version.json = version.json
	EndProjectSection
EndProject
Project("{9A19103F-16F7-4668-BE54-9A1E7A4F7556}") = "TestPackageConsumer", "TestPackageConsumer\TestPackageConsumer.csproj", "{E3BB9D8D-E2AC-4F91-AD87-827B87427A42}"
EndProject
Project("{FAE04EC0-301F-11D3-BF4B-00C04F79EFBC}") = "TestPackageConsumerNetFx", "TestPackageConsumerNetFx\TestPackageConsumerNetFx.csproj", "{EA120EA7-504D-4FF5-810D-04D2EE276917}"
EndProject
Global
	GlobalSection(SolutionConfigurationPlatforms) = preSolution
		Debug|Any CPU = Debug|Any CPU
		Debug|x64 = Debug|x64
		Debug|x86 = Debug|x86
		Release|Any CPU = Release|Any CPU
		Release|x64 = Release|x64
		Release|x86 = Release|x86
	EndGlobalSection
	GlobalSection(ProjectConfigurationPlatforms) = postSolution
		{0059046A-165B-4A4C-86BF-AB7182B74E36}.Debug|Any CPU.ActiveCfg = Debug|Any CPU
		{0059046A-165B-4A4C-86BF-AB7182B74E36}.Debug|Any CPU.Build.0 = Debug|Any CPU
		{0059046A-165B-4A4C-86BF-AB7182B74E36}.Debug|x64.ActiveCfg = Debug|Any CPU
		{0059046A-165B-4A4C-86BF-AB7182B74E36}.Debug|x64.Build.0 = Debug|Any CPU
		{0059046A-165B-4A4C-86BF-AB7182B74E36}.Debug|x86.ActiveCfg = Debug|Any CPU
		{0059046A-165B-4A4C-86BF-AB7182B74E36}.Debug|x86.Build.0 = Debug|Any CPU
		{0059046A-165B-4A4C-86BF-AB7182B74E36}.Release|Any CPU.ActiveCfg = Release|Any CPU
		{0059046A-165B-4A4C-86BF-AB7182B74E36}.Release|Any CPU.Build.0 = Release|Any CPU
		{0059046A-165B-4A4C-86BF-AB7182B74E36}.Release|x64.ActiveCfg = Release|Any CPU
		{0059046A-165B-4A4C-86BF-AB7182B74E36}.Release|x64.Build.0 = Release|Any CPU
		{0059046A-165B-4A4C-86BF-AB7182B74E36}.Release|x86.ActiveCfg = Release|Any CPU
		{0059046A-165B-4A4C-86BF-AB7182B74E36}.Release|x86.Build.0 = Release|Any CPU
		{E3BB9D8D-E2AC-4F91-AD87-827B87427A42}.Debug|Any CPU.ActiveCfg = Debug|Any CPU
		{E3BB9D8D-E2AC-4F91-AD87-827B87427A42}.Debug|Any CPU.Build.0 = Debug|Any CPU
		{E3BB9D8D-E2AC-4F91-AD87-827B87427A42}.Debug|x64.ActiveCfg = Debug|Any CPU
		{E3BB9D8D-E2AC-4F91-AD87-827B87427A42}.Debug|x64.Build.0 = Debug|Any CPU
		{E3BB9D8D-E2AC-4F91-AD87-827B87427A42}.Debug|x86.ActiveCfg = Debug|Any CPU
		{E3BB9D8D-E2AC-4F91-AD87-827B87427A42}.Debug|x86.Build.0 = Debug|Any CPU
		{E3BB9D8D-E2AC-4F91-AD87-827B87427A42}.Release|Any CPU.ActiveCfg = Release|Any CPU
		{E3BB9D8D-E2AC-4F91-AD87-827B87427A42}.Release|Any CPU.Build.0 = Release|Any CPU
		{E3BB9D8D-E2AC-4F91-AD87-827B87427A42}.Release|x64.ActiveCfg = Release|Any CPU
		{E3BB9D8D-E2AC-4F91-AD87-827B87427A42}.Release|x64.Build.0 = Release|Any CPU
		{E3BB9D8D-E2AC-4F91-AD87-827B87427A42}.Release|x86.ActiveCfg = Release|Any CPU
		{E3BB9D8D-E2AC-4F91-AD87-827B87427A42}.Release|x86.Build.0 = Release|Any CPU
		{EA120EA7-504D-4FF5-810D-04D2EE276917}.Debug|Any CPU.ActiveCfg = Debug|Any CPU
		{EA120EA7-504D-4FF5-810D-04D2EE276917}.Debug|Any CPU.Build.0 = Debug|Any CPU
		{EA120EA7-504D-4FF5-810D-04D2EE276917}.Debug|x64.ActiveCfg = Debug|Any CPU
		{EA120EA7-504D-4FF5-810D-04D2EE276917}.Debug|x64.Build.0 = Debug|Any CPU
		{EA120EA7-504D-4FF5-810D-04D2EE276917}.Debug|x86.ActiveCfg = Debug|Any CPU
		{EA120EA7-504D-4FF5-810D-04D2EE276917}.Debug|x86.Build.0 = Debug|Any CPU
		{EA120EA7-504D-4FF5-810D-04D2EE276917}.Release|Any CPU.ActiveCfg = Release|Any CPU
		{EA120EA7-504D-4FF5-810D-04D2EE276917}.Release|Any CPU.Build.0 = Release|Any CPU
		{EA120EA7-504D-4FF5-810D-04D2EE276917}.Release|x64.ActiveCfg = Release|Any CPU
		{EA120EA7-504D-4FF5-810D-04D2EE276917}.Release|x64.Build.0 = Release|Any CPU
		{EA120EA7-504D-4FF5-810D-04D2EE276917}.Release|x86.ActiveCfg = Release|Any CPU
		{EA120EA7-504D-4FF5-810D-04D2EE276917}.Release|x86.Build.0 = Release|Any CPU
	EndGlobalSection
	GlobalSection(SolutionProperties) = preSolution
		HideSolutionNode = FALSE
	EndGlobalSection
	GlobalSection(ExtensibilityGlobals) = postSolution
		SolutionGuid = {67CEB09F-6D92-4B82-A848-7A251A363D21}
	EndGlobalSection
EndGlobal
